
Microsoft Visual Studio Solution File, Format Version 12.00
# Visual Studio Version 17
VisualStudioVersion = 17.1.32328.378
MinimumVisualStudioVersion = 10.0.40219.1
Project("{FAE04EC0-301F-11D3-BF4B-00C04F79EFBC}") = "EmployeeMinimalAPI", "EmployeeMinimalAPI.csproj", "{54922BD0-DE08-4F70-A6BB-FD695C3F5438}"
EndProject
Global
	GlobalSection(SolutionConfigurationPlatforms) = preSolution
		Debug|Any CPU = Debug|Any CPU
		Release|Any CPU = Release|Any CPU
	EndGlobalSection
	GlobalSection(ProjectConfigurationPlatforms) = postSolution
		{54922BD0-DE08-4F70-A6BB-FD695C3F5438}.Debug|Any CPU.ActiveCfg = Debug|Any CPU
		{54922BD0-DE08-4F70-A6BB-FD695C3F5438}.Debug|Any CPU.Build.0 = Debug|Any CPU
		{54922BD0-DE08-4F70-A6BB-FD695C3F5438}.Release|Any CPU.ActiveCfg = Release|Any CPU
		{54922BD0-DE08-4F70-A6BB-FD695C3F5438}.Release|Any CPU.Build.0 = Release|Any CPU
	EndGlobalSection
	GlobalSection(SolutionProperties) = preSolution
		HideSolutionNode = FALSE
	EndGlobalSection
	GlobalSection(ExtensibilityGlobals) = postSolution
		SolutionGuid = {324A0CE4-A217-4E1E-BFE9-98103973CA0D}
	EndGlobalSection
EndGlobal
